{
  "name": "node-1",
  "version": "1.0.0",
  "lockfileVersion": 2,
  "requires": true,
  "packages": {
    "": {
      "name": "node-1",
      "version": "1.0.0",
      "license": "ISC",
      "dependencies": {
        "colors": "^1.4.0",
        "date-fns": "^2.27.0",
        "date-fns-timezone": "^0.1.4",
        "date-fns-tz": "^1.1.6"
      }
    },
    "node_modules/colors": {
      "version": "1.4.0",
      "resolved": "https://registry.npmjs.org/colors/-/colors-1.4.0.tgz",
      "integrity": "sha512-a+UqTh4kgZg/SlGvfbzDHpgRu7AAQOmmqRHJnxhRZICKFUT91brVhNNt58CMWU9PsBbv3PDCZUHbVxuDiH2mtA==",
      "engines": {
        "node": ">=0.1.90"
      }
    },
    "node_modules/commander": {
      "version": "2.19.0",
      "resolved": "https://registry.npmjs.org/commander/-/commander-2.19.0.tgz",
      "integrity": "sha512-6tvAOO+D6OENvRAh524Dh9jcfKTYDQAqvqezbCW82xj5X0pSrcpxtvRKHLG0yBY6SD7PSDrJaj+0AiOcKVd1Xg=="
    },
    "node_modules/date-fns": {
      "version": "2.27.0",
      "resolved": "https://registry.npmjs.org/date-fns/-/date-fns-2.27.0.tgz",
      "integrity": "sha512-sj+J0Mo2p2X1e306MHq282WS4/A8Pz/95GIFcsPNMPMZVI3EUrAdSv90al1k+p74WGLCruMXk23bfEDZa71X9Q==",
      "engines": {
        "node": ">=0.11"
      },
      "funding": {
        "type": "opencollective",
        "url": "https://opencollective.com/date-fns"
      }
    },
    "node_modules/date-fns-timezone": {
      "version": "0.1.4",
      "resolved": "https://registry.npmjs.org/date-fns-timezone/-/date-fns-timezone-0.1.4.tgz",
      "integrity": "sha512-npnZn1eIeHV8A3Hqw86mn6CjH+qMe0TSCs4anpD4Rouf+mE9eIJuaHviIpNmGL9GiDmcUoiaKdkX5ihf+yZQZA==",
      "dependencies": {
        "date-fns": "^1.29.0",
        "timezone-support": "^1.5.5"
      },
      "engines": {
        "node": ">=6"
      }
    },
    "node_modules/date-fns-timezone/node_modules/date-fns": {
      "version": "1.30.1",
      "resolved": "https://registry.npmjs.org/date-fns/-/date-fns-1.30.1.tgz",
      "integrity": "sha512-hBSVCvSmWC+QypYObzwGOd9wqdDpOt+0wl0KbU+R+uuZBS1jN8VsD1ss3irQDknRj5NvxiTF6oj/nDRnN/UQNw=="
    },
    "node_modules/date-fns-tz": {
      "version": "1.1.6",
      "resolved": "https://registry.npmjs.org/date-fns-tz/-/date-fns-tz-1.1.6.tgz",
      "integrity": "sha512-nyy+URfFI3KUY7udEJozcoftju+KduaqkVfwyTIE0traBiVye09QnyWKLZK7drRr5h9B7sPJITmQnS3U6YOdQg==",
      "peerDependencies": {
        "date-fns": ">=2.0.0-alpha.13"
      }
    },
    "node_modules/timezone-support": {
      "version": "1.8.1",
      "resolved": "https://registry.npmjs.org/timezone-support/-/timezone-support-1.8.1.tgz",
      "integrity": "sha512-+pKzxoUe4PZXaQcswceJlA+69oRyyu1uivnYKdpsC7eGzZiuvTLbU4WYPqTKslEsoSvjN8k/u/6qNfGikBB/wA==",
      "dependencies": {
        "commander": "2.19.0"
      },
      "bin": {
        "create-timezone-data": "bin/create-timezone-data"
      },
      "engines": {
        "node": ">=6"
      }
    }
  },
  "dependencies": {
    "colors": {
      "version": "1.4.0",
      "resolved": "https://registry.npmjs.org/colors/-/colors-1.4.0.tgz",
      "integrity": "sha512-a+UqTh4kgZg/SlGvfbzDHpgRu7AAQOmmqRHJnxhRZICKFUT91brVhNNt58CMWU9PsBbv3PDCZUHbVxuDiH2mtA=="
    },
    "commander": {
      "version": "2.19.0",
      "resolved": "https://registry.npmjs.org/commander/-/commander-2.19.0.tgz",
      "integrity": "sha512-6tvAOO+D6OENvRAh524Dh9jcfKTYDQAqvqezbCW82xj5X0pSrcpxtvRKHLG0yBY6SD7PSDrJaj+0AiOcKVd1Xg=="
    },
    "date-fns": {
      "version": "2.27.0",
      "resolved": "https://registry.npmjs.org/date-fns/-/date-fns-2.27.0.tgz",
      "integrity": "sha512-sj+J0Mo2p2X1e306MHq282WS4/A8Pz/95GIFcsPNMPMZVI3EUrAdSv90al1k+p74WGLCruMXk23bfEDZa71X9Q=="
    },
    "date-fns-timezone": {
      "version": "0.1.4",
      "resolved": "https://registry.npmjs.org/date-fns-timezone/-/date-fns-timezone-0.1.4.tgz",
      "integrity": "sha512-npnZn1eIeHV8A3Hqw86mn6CjH+qMe0TSCs4anpD4Rouf+mE9eIJuaHviIpNmGL9GiDmcUoiaKdkX5ihf+yZQZA==",
      "requires": {
        "date-fns": "^1.29.0",
        "timezone-support": "^1.5.5"
      },
      "dependencies": {
        "date-fns": {
          "version": "1.30.1",
          "resolved": "https://registry.npmjs.org/date-fns/-/date-fns-1.30.1.tgz",
          "integrity": "sha512-hBSVCvSmWC+QypYObzwGOd9wqdDpOt+0wl0KbU+R+uuZBS1jN8VsD1ss3irQDknRj5NvxiTF6oj/nDRnN/UQNw=="
        }
      }
    },
    "date-fns-tz": {
      "version": "1.1.6",
      "resolved": "https://registry.npmjs.org/date-fns-tz/-/date-fns-tz-1.1.6.tgz",
      "integrity": "sha512-nyy+URfFI3KUY7udEJozcoftju+KduaqkVfwyTIE0traBiVye09QnyWKLZK7drRr5h9B7sPJITmQnS3U6YOdQg==",
      "requires": {}
    },
    "timezone-support": {
      "version": "1.8.1",
      "resolved": "https://registry.npmjs.org/timezone-support/-/timezone-support-1.8.1.tgz",
      "integrity": "sha512-+pKzxoUe4PZXaQcswceJlA+69oRyyu1uivnYKdpsC7eGzZiuvTLbU4WYPqTKslEsoSvjN8k/u/6qNfGikBB/wA==",
      "requires": {
        "commander": "2.19.0"
      }
    }
  }
}
